// !$*UTF8*$!
{
	archiveVersion = 1;
	classes = {
	};
	objectVersion = 50;
	objects = {

/* Begin PBXBuildFile section */
		42EDC8BB23E5C36E00C473C2 /* AppDelegate.swift in Sources */ = {isa = PBXBuildFile; fileRef = 42EDC8BA23E5C36E00C473C2 /* AppDelegate.swift */; };
		42EDC8BD23E5C36E00C473C2 /* SceneDelegate.swift in Sources */ = {isa = PBXBuildFile; fileRef = 42EDC8BC23E5C36E00C473C2 /* SceneDelegate.swift */; };
		42EDC8BF23E5C36E00C473C2 /* ContentView.swift in Sources */ = {isa = PBXBuildFile; fileRef = 42EDC8BE23E5C36E00C473C2 /* ContentView.swift */; };
		42EDC8C123E5C37100C473C2 /* Assets.xcassets in Resources */ = {isa = PBXBuildFile; fileRef = 42EDC8C023E5C37100C473C2 /* Assets.xcassets */; };
		42EDC8C423E5C37100C473C2 /* Preview Assets.xcassets in Resources */ = {isa = PBXBuildFile; fileRef = 42EDC8C323E5C37100C473C2 /* Preview Assets.xcassets */; };
		42EDC8C723E5C37100C473C2 /* LaunchScreen.storyboard in Resources */ = {isa = PBXBuildFile; fileRef = 42EDC8C523E5C37100C473C2 /* LaunchScreen.storyboard */; };
		42EDC8D223E5C37100C473C2 /* GuessTheFlagTests.swift in Sources */ = {isa = PBXBuildFile; fileRef = 42EDC8D123E5C37100C473C2 /* GuessTheFlagTests.swift */; };
		42EDC8DD23E5C37100C473C2 /* GuessTheFlagUITests.swift in Sources */ = {isa = PBXBuildFile; fileRef = 42EDC8DC23E5C37100C473C2 /* GuessTheFlagUITests.swift */; };
/* End PBXBuildFile section */

/* Begin PBXContainerItemProxy section */
		42EDC8CE23E5C37100C473C2 /* PBXContainerItemProxy */ = {
			isa = PBXContainerItemProxy;
			containerPortal = 42EDC8AF23E5C36E00C473C2 /* Project object */;
			proxyType = 1;
			remoteGlobalIDString = 42EDC8B623E5C36E00C473C2;
			remoteInfo = GuessTheFlag;
		};
		42EDC8D923E5C37100C473C2 /* PBXContainerItemProxy */ = {
			isa = PBXContainerItemProxy;
			containerPortal = 42EDC8AF23E5C36E00C473C2 /* Project object */;
			proxyType = 1;
			remoteGlobalIDString = 42EDC8B623E5C36E00C473C2;
			remoteInfo = GuessTheFlag;
		};
/* End PBXContainerItemProxy section */

/* Begin PBXFileReference section */
		42EDC8B723E5C36E00C473C2 /* GuessTheFlag.app */ = {isa = PBXFileReference; explicitFileType = wrapper.application; includeInIndex = 0; path = GuessTheFlag.app; sourceTree = BUILT_PRODUCTS_DIR; };
		42EDC8BA23E5C36E00C473C2 /* AppDelegate.swift */ = {isa = PBXFileReference; lastKnownFileType = sourcecode.swift; path = AppDelegate.swift; sourceTree = "<group>"; };
		42EDC8BC23E5C36E00C473C2 /* SceneDelegate.swift */ = {isa = PBXFileReference; lastKnownFileType = sourcecode.swift; path = SceneDelegate.swift; sourceTree = "<group>"; };
		42EDC8BE23E5C36E00C473C2 /* ContentView.swift */ = {isa = PBXFileReference; lastKnownFileType = sourcecode.swift; path = ContentView.swift; sourceTree = "<group>"; };
		42EDC8C023E5C37100C473C2 /* Assets.xcassets */ = {isa = PBXFileReference; lastKnownFileType = folder.assetcatalog; path = Assets.xcassets; sourceTree = "<group>"; };
		42EDC8C323E5C37100C473C2 /* Preview Assets.xcassets */ = {isa = PBXFileReference; lastKnownFileType = folder.assetcatalog; path = "Preview Assets.xcassets"; sourceTree = "<group>"; };
		42EDC8C623E5C37100C473C2 /* Base */ = {isa = PBXFileReference; lastKnownFileType = file.storyboard; name = Base; path = Base.lproj/LaunchScreen.storyboard; sourceTree = "<group>"; };
		42EDC8C823E5C37100C473C2 /* Info.plist */ = {isa = PBXFileReference; lastKnownFileType = text.plist.xml; path = Info.plist; sourceTree = "<group>"; };
		42EDC8CD23E5C37100C473C2 /* GuessTheFlagTests.xctest */ = {isa = PBXFileReference; explicitFileType = wrapper.cfbundle; includeInIndex = 0; path = GuessTheFlagTests.xctest; sourceTree = BUILT_PRODUCTS_DIR; };
		42EDC8D123E5C37100C473C2 /* GuessTheFlagTests.swift */ = {isa = PBXFileReference; lastKnownFileType = sourcecode.swift; path = GuessTheFlagTests.swift; sourceTree = "<group>"; };
		42EDC8D323E5C37100C473C2 /* Info.plist */ = {isa = PBXFileReference; lastKnownFileType = text.plist.xml; path = Info.plist; sourceTree = "<group>"; };
		42EDC8D823E5C37100C473C2 /* GuessTheFlagUITests.xctest */ = {isa = PBXFileReference; explicitFileType = wrapper.cfbundle; includeInIndex = 0; path = GuessTheFlagUITests.xctest; sourceTree = BUILT_PRODUCTS_DIR; };
		42EDC8DC23E5C37100C473C2 /* GuessTheFlagUITests.swift */ = {isa = PBXFileReference; lastKnownFileType = sourcecode.swift; path = GuessTheFlagUITests.swift; sourceTree = "<group>"; };
		42EDC8DE23E5C37100C473C2 /* Info.plist */ = {isa = PBXFileReference; lastKnownFileType = text.plist.xml; path = Info.plist; sourceTree = "<group>"; };
/* End PBXFileReference section */

/* Begin PBXFrameworksBuildPhase section */
		42EDC8B423E5C36E00C473C2 /* Frameworks */ = {
			isa = PBXFrameworksBuildPhase;
			buildActionMask = 2147483647;
			files = (
			);
			runOnlyForDeploymentPostprocessing = 0;
		};
		42EDC8CA23E5C37100C473C2 /* Frameworks */ = {
			isa = PBXFrameworksBuildPhase;
			buildActionMask = 2147483647;
			files = (
			);
			runOnlyForDeploymentPostprocessing = 0;
		};
		42EDC8D523E5C37100C473C2 /* Frameworks */ = {
			isa = PBXFrameworksBuildPhase;
			buildActionMask = 2147483647;
			files = (
			);
			runOnlyForDeploymentPostprocessing = 0;
		};
/* End PBXFrameworksBuildPhase section */

/* Begin PBXGroup section */
		42EDC8AE23E5C36E00C473C2 = {
			isa = PBXGroup;
			children = (
				42EDC8B923E5C36E00C473C2 /* GuessTheFlag */,
				42EDC8D023E5C37100C473C2 /* GuessTheFlagTests */,
				42EDC8DB23E5C37100C473C2 /* GuessTheFlagUITests */,
				42EDC8B823E5C36E00C473C2 /* Products */,
			);
			sourceTree = "<group>";
		};
		42EDC8B823E5C36E00C473C2 /* Products */ = {
			isa = PBXGroup;
			children = (
				42EDC8B723E5C36E00C473C2 /* GuessTheFlag.app */,
				42EDC8CD23E5C37100C473C2 /* GuessTheFlagTests.xctest */,
				42EDC8D823E5C37100C473C2 /* GuessTheFlagUITests.xctest */,
			);
			name = Products;
			sourceTree = "<group>";
		};
		42EDC8B923E5C36E00C473C2 /* GuessTheFlag */ = {
			isa = PBXGroup;
			children = (
				42EDC8BA23E5C36E00C473C2 /* AppDelegate.swift */,
				42EDC8BC23E5C36E00C473C2 /* SceneDelegate.swift */,
				42EDC8BE23E5C36E00C473C2 /* ContentView.swift */,
				42EDC8C023E5C37100C473C2 /* Assets.xcassets */,
				42EDC8C523E5C37100C473C2 /* LaunchScreen.storyboard */,
				42EDC8C823E5C37100C473C2 /* Info.plist */,
				42EDC8C223E5C37100C473C2 /* Preview Content */,
			);
			path = GuessTheFlag;
			sourceTree = "<group>";
		};
		42EDC8C223E5C37100C473C2 /* Preview Content */ = {
			isa = PBXGroup;
			children = (
				42EDC8C323E5C37100C473C2 /* Preview Assets.xcassets */,
			);
			path = "Preview Content";
			sourceTree = "<group>";
		};
		42EDC8D023E5C37100C473C2 /* GuessTheFlagTests */ = {
			isa = PBXGroup;
			children = (
				42EDC8D123E5C37100C473C2 /* GuessTheFlagTests.swift */,
				42EDC8D323E5C37100C473C2 /* Info.plist */,
			);
			path = GuessTheFlagTests;
			sourceTree = "<group>";
		};
		42EDC8DB23E5C37100C473C2 /* GuessTheFlagUITests */ = {
			isa = PBXGroup;
			children = (
				42EDC8DC23E5C37100C473C2 /* GuessTheFlagUITests.swift */,
				42EDC8DE23E5C37100C473C2 /* Info.plist */,
			);
			path = GuessTheFlagUITests;
			sourceTree = "<group>";
		};
/* End PBXGroup section */

/* Begin PBXNativeTarget section */
		42EDC8B623E5C36E00C473C2 /* GuessTheFlag */ = {
			isa = PBXNativeTarget;
			buildConfigurationList = 42EDC8E123E5C37200C473C2 /* Build configuration list for PBXNativeTarget "GuessTheFlag" */;
			buildPhases = (
				42EDC8B323E5C36E00C473C2 /* Sources */,
				42EDC8B423E5C36E00C473C2 /* Frameworks */,
				42EDC8B523E5C36E00C473C2 /* Resources */,
			);
			buildRules = (
			);
			dependencies = (
			);
			name = GuessTheFlag;
			productName = GuessTheFlag;
			productReference = 42EDC8B723E5C36E00C473C2 /* GuessTheFlag.app */;
			productType = "com.apple.product-type.application";
		};
		42EDC8CC23E5C37100C473C2 /* GuessTheFlagTests */ = {
			isa = PBXNativeTarget;
			buildConfigurationList = 42EDC8E423E5C37200C473C2 /* Build configuration list for PBXNativeTarget "GuessTheFlagTests" */;
			buildPhases = (
				42EDC8C923E5C37100C473C2 /* Sources */,
				42EDC8CA23E5C37100C473C2 /* Frameworks */,
				42EDC8CB23E5C37100C473C2 /* Resources */,
			);
			buildRules = (
			);
			dependencies = (
				42EDC8CF23E5C37100C473C2 /* PBXTargetDependency */,
			);
			name = GuessTheFlagTests;
			productName = GuessTheFlagTests;
			productReference = 42EDC8CD23E5C37100C473C2 /* GuessTheFlagTests.xctest */;
			productType = "com.apple.product-type.bundle.unit-test";
		};
		42EDC8D723E5C37100C473C2 /* GuessTheFlagUITests */ = {
			isa = PBXNativeTarget;
			buildConfigurationList = 42EDC8E723E5C37200C473C2 /* Build configuration list for PBXNativeTarget "GuessTheFlagUITests" */;
			buildPhases = (
				42EDC8D423E5C37100C473C2 /* Sources */,
				42EDC8D523E5C37100C473C2 /* Frameworks */,
				42EDC8D623E5C37100C473C2 /* Resources */,
			);
			buildRules = (
			);
			dependencies = (
				42EDC8DA23E5C37100C473C2 /* PBXTargetDependency */,
			);
			name = GuessTheFlagUITests;
			productName = GuessTheFlagUITests;
			productReference = 42EDC8D823E5C37100C473C2 /* GuessTheFlagUITests.xctest */;
			productType = "com.apple.product-type.bundle.ui-testing";
		};
/* End PBXNativeTarget section */

/* Begin PBXProject section */
		42EDC8AF23E5C36E00C473C2 /* Project object */ = {
			isa = PBXProject;
			attributes = {
				LastSwiftUpdateCheck = 1130;
				LastUpgradeCheck = 1130;
				ORGANIZATIONNAME = "Daichi Hayashi";
				TargetAttributes = {
					42EDC8B623E5C36E00C473C2 = {
						CreatedOnToolsVersion = 11.3.1;
					};
					42EDC8CC23E5C37100C473C2 = {
						CreatedOnToolsVersion = 11.3.1;
						TestTargetID = 42EDC8B623E5C36E00C473C2;
					};
					42EDC8D723E5C37100C473C2 = {
						CreatedOnToolsVersion = 11.3.1;
						TestTargetID = 42EDC8B623E5C36E00C473C2;
					};
				};
			};
			buildConfigurationList = 42EDC8B223E5C36E00C473C2 /* Build configuration list for PBXProject "GuessTheFlag" */;
			compatibilityVersion = "Xcode 9.3";
			developmentRegion = en;
			hasScannedForEncodings = 0;
			knownRegions = (
				en,
				Base,
			);
			mainGroup = 42EDC8AE23E5C36E00C473C2;
			productRefGroup = 42EDC8B823E5C36E00C473C2 /* Products */;
			projectDirPath = "";
			projectRoot = "";
			targets = (
				42EDC8B623E5C36E00C473C2 /* GuessTheFlag */,
				42EDC8CC23E5C37100C473C2 /* GuessTheFlagTests */,
				42EDC8D723E5C37100C473C2 /* GuessTheFlagUITests */,
			);
		};
/* End PBXProject section */

/* Begin PBXResourcesBuildPhase section */
		42EDC8B523E5C36E00C473C2 /* Resources */ = {
			isa = PBXResourcesBuildPhase;
			buildActionMask = 2147483647;
			files = (
				42EDC8C723E5C37100C473C2 /* LaunchScreen.storyboard in Resources */,
				42EDC8C423E5C37100C473C2 /* Preview Assets.xcassets in Resources */,
				42EDC8C123E5C37100C473C2 /* Assets.xcassets in Resources */,
			);
			runOnlyForDeploymentPostprocessing = 0;
		};
		42EDC8CB23E5C37100C473C2 /* Resources */ = {
			isa = PBXResourcesBuildPhase;
			buildActionMask = 2147483647;
			files = (
			);
			runOnlyForDeploymentPostprocessing = 0;
		};
		42EDC8D623E5C37100C473C2 /* Resources */ = {
			isa = PBXResourcesBuildPhase;
			buildActionMask = 2147483647;
			files = (
			);
			runOnlyForDeploymentPostprocessing = 0;
		};
/* End PBXResourcesBuildPhase section */

/* Begin PBXSourcesBuildPhase section */
		42EDC8B323E5C36E00C473C2 /* Sources */ = {
			isa = PBXSourcesBuildPhase;
			buildActionMask = 2147483647;
			files = (
				42EDC8BB23E5C36E00C473C2 /* AppDelegate.swift in Sources */,
				42EDC8BD23E5C36E00C473C2 /* SceneDelegate.swift in Sources */,
				42EDC8BF23E5C36E00C473C2 /* ContentView.swift in Sources */,
			);
			runOnlyForDeploymentPostprocessing = 0;
		};
		42EDC8C923E5C37100C473C2 /* Sources */ = {
			isa = PBXSourcesBuildPhase;
			buildActionMask = 2147483647;
			files = (
				42EDC8D223E5C37100C473C2 /* GuessTheFlagTests.swift in Sources */,
			);
			runOnlyForDeploymentPostprocessing = 0;
		};
		42EDC8D423E5C37100C473C2 /* Sources */ = {
			isa = PBXSourcesBuildPhase;
			buildActionMask = 2147483647;
			files = (
				42EDC8DD23E5C37100C473C2 /* GuessTheFlagUITests.swift in Sources */,
			);
			runOnlyForDeploymentPostprocessing = 0;
		};
/* End PBXSourcesBuildPhase section */

/* Begin PBXTargetDependency section */
		42EDC8CF23E5C37100C473C2 /* PBXTargetDependency */ = {
			isa = PBXTargetDependency;
			target = 42EDC8B623E5C36E00C473C2 /* GuessTheFlag */;
			targetProxy = 42EDC8CE23E5C37100C473C2 /* PBXContainerItemProxy */;
		};
		42EDC8DA23E5C37100C473C2 /* PBXTargetDependency */ = {
			isa = PBXTargetDependency;
			target = 42EDC8B623E5C36E00C473C2 /* GuessTheFlag */;
			targetProxy = 42EDC8D923E5C37100C473C2 /* PBXContainerItemProxy */;
		};
/* End PBXTargetDependency section */

/* Begin PBXVariantGroup section */
		42EDC8C523E5C37100C473C2 /* LaunchScreen.storyboard */ = {
			isa = PBXVariantGroup;
			children = (
				42EDC8C623E5C37100C473C2 /* Base */,
			);
			name = LaunchScreen.storyboard;
			sourceTree = "<group>";
		};
/* End PBXVariantGroup section */

/* Begin XCBuildConfiguration section */
		42EDC8DF23E5C37200C473C2 /* Debug */ = {
			isa = XCBuildConfiguration;
			buildSettings = {
				ALWAYS_SEARCH_USER_PATHS = NO;
				CLANG_ANALYZER_NONNULL = YES;
				CLANG_ANALYZER_NUMBER_OBJECT_CONVERSION = YES_AGGRESSIVE;
				CLANG_CXX_LANGUAGE_STANDARD = "gnu++14";
				CLANG_CXX_LIBRARY = "libc++";
				CLANG_ENABLE_MODULES = YES;
				CLANG_ENABLE_OBJC_ARC = YES;
				CLANG_ENABLE_OBJC_WEAK = YES;
				CLANG_WARN_BLOCK_CAPTURE_AUTORELEASING = YES;
				CLANG_WARN_BOOL_CONVERSION = YES;
				CLANG_WARN_COMMA = YES;
				CLANG_WARN_CONSTANT_CONVERSION = YES;
				CLANG_WARN_DEPRECATED_OBJC_IMPLEMENTATIONS = YES;
				CLANG_WARN_DIRECT_OBJC_ISA_USAGE = YES_ERROR;
				CLANG_WARN_DOCUMENTATION_COMMENTS = YES;
				CLANG_WARN_EMPTY_BODY = YES;
				CLANG_WARN_ENUM_CONVERSION = YES;
				CLANG_WARN_INFINITE_RECURSION = YES;
				CLANG_WARN_INT_CONVERSION = YES;
				CLANG_WARN_NON_LITERAL_NULL_CONVERSION = YES;
				CLANG_WARN_OBJC_IMPLICIT_RETAIN_SELF = YES;
				CLANG_WARN_OBJC_LITERAL_CONVERSION = YES;
				CLANG_WARN_OBJC_ROOT_CLASS = YES_ERROR;
				CLANG_WARN_RANGE_LOOP_ANALYSIS = YES;
				CLANG_WARN_STRICT_PROTOTYPES = YES;
				CLANG_WARN_SUSPICIOUS_MOVE = YES;
				CLANG_WARN_UNGUARDED_AVAILABILITY = YES_AGGRESSIVE;
				CLANG_WARN_UNREACHABLE_CODE = YES;
				CLANG_WARN__DUPLICATE_METHOD_MATCH = YES;
				COPY_PHASE_STRIP = NO;
				DEBUG_INFORMATION_FORMAT = dwarf;
				ENABLE_STRICT_OBJC_MSGSEND = YES;
				ENABLE_TESTABILITY = YES;
				GCC_C_LANGUAGE_STANDARD = gnu11;
				GCC_DYNAMIC_NO_PIC = NO;
				GCC_NO_COMMON_BLOCKS = YES;
				GCC_OPTIMIZATION_LEVEL = 0;
				GCC_PREPROCESSOR_DEFINITIONS = (
					"DEBUG=1",
					"$(inherited)",
				);
				GCC_WARN_64_TO_32_BIT_CONVERSION = YES;
				GCC_WARN_ABOUT_RETURN_TYPE = YES_ERROR;
				GCC_WARN_UNDECLARED_SELECTOR = YES;
				GCC_WARN_UNINITIALIZED_AUTOS = YES_AGGRESSIVE;
				GCC_WARN_UNUSED_FUNCTION = YES;
				GCC_WARN_UNUSED_VARIABLE = YES;
				IPHONEOS_DEPLOYMENT_TARGET = 13.2;
				MTL_ENABLE_DEBUG_INFO = INCLUDE_SOURCE;
				MTL_FAST_MATH = YES;
				ONLY_ACTIVE_ARCH = YES;
				SDKROOT = iphoneos;
				SWIFT_ACTIVE_COMPILATION_CONDITIONS = DEBUG;
				SWIFT_OPTIMIZATION_LEVEL = "-Onone";
			};
			name = Debug;
		};
		42EDC8E023E5C37200C473C2 /* Release */ = {
			isa = XCBuildConfiguration;
			buildSettings = {
				ALWAYS_SEARCH_USER_PATHS = NO;
				CLANG_ANALYZER_NONNULL = YES;
				CLANG_ANALYZER_NUMBER_OBJECT_CONVERSION = YES_AGGRESSIVE;
				CLANG_CXX_LANGUAGE_STANDARD = "gnu++14";
				CLANG_CXX_LIBRARY = "libc++";
				CLANG_ENABLE_MODULES = YES;
				CLANG_ENABLE_OBJC_ARC = YES;
				CLANG_ENABLE_OBJC_WEAK = YES;
				CLANG_WARN_BLOCK_CAPTURE_AUTORELEASING = YES;
				CLANG_WARN_BOOL_CONVERSION = YES;
				CLANG_WARN_COMMA = YES;
				CLANG_WARN_CONSTANT_CONVERSION = YES;
				CLANG_WARN_DEPRECATED_OBJC_IMPLEMENTATIONS = YES;
				CLANG_WARN_DIRECT_OBJC_ISA_USAGE = YES_ERROR;
				CLANG_WARN_DOCUMENTATION_COMMENTS = YES;
				CLANG_WARN_EMPTY_BODY = YES;
				CLANG_WARN_ENUM_CONVERSION = YES;
				CLANG_WARN_INFINITE_RECURSION = YES;
				CLANG_WARN_INT_CONVERSION = YES;
				CLANG_WARN_NON_LITERAL_NULL_CONVERSION = YES;
				CLANG_WARN_OBJC_IMPLICIT_RETAIN_SELF = YES;
				CLANG_WARN_OBJC_LITERAL_CONVERSION = YES;
				CLANG_WARN_OBJC_ROOT_CLASS = YES_ERROR;
				CLANG_WARN_RANGE_LOOP_ANALYSIS = YES;
				CLANG_WARN_STRICT_PROTOTYPES = YES;
				CLANG_WARN_SUSPICIOUS_MOVE = YES;
				CLANG_WARN_UNGUARDED_AVAILABILITY = YES_AGGRESSIVE;
				CLANG_WARN_UNREACHABLE_CODE = YES;
				CLANG_WARN__DUPLICATE_METHOD_MATCH = YES;
				COPY_PHASE_STRIP = NO;
				DEBUG_INFORMATION_FORMAT = "dwarf-with-dsym";
				ENABLE_NS_ASSERTIONS = NO;
				ENABLE_STRICT_OBJC_MSGSEND = YES;
				GCC_C_LANGUAGE_STANDARD = gnu11;
				GCC_NO_COMMON_BLOCKS = YES;
				GCC_WARN_64_TO_32_BIT_CONVERSION = YES;
				GCC_WARN_ABOUT_RETURN_TYPE = YES_ERROR;
				GCC_WARN_UNDECLARED_SELECTOR = YES;
				GCC_WARN_UNINITIALIZED_AUTOS = YES_AGGRESSIVE;
				GCC_WARN_UNUSED_FUNCTION = YES;
				GCC_WARN_UNUSED_VARIABLE = YES;
				IPHONEOS_DEPLOYMENT_TARGET = 13.2;
				MTL_ENABLE_DEBUG_INFO = NO;
				MTL_FAST_MATH = YES;
				SDKROOT = iphoneos;
				SWIFT_COMPILATION_MODE = wholemodule;
				SWIFT_OPTIMIZATION_LEVEL = "-O";
				VALIDATE_PRODUCT = YES;
			};
			name = Release;
		};
		42EDC8E223E5C37200C473C2 /* Debug */ = {
			isa = XCBuildConfiguration;
			buildSettings = {
				ASSETCATALOG_COMPILER_APPICON_NAME = AppIcon;
				CODE_SIGN_STYLE = Automatic;
				DEVELOPMENT_ASSET_PATHS = "\"GuessTheFlag/Preview Content\"";
				ENABLE_PREVIEWS = YES;
				INFOPLIST_FILE = GuessTheFlag/Info.plist;
				LD_RUNPATH_SEARCH_PATHS = (
					"$(inherited)",
					"@executable_path/Frameworks",
				);
				PRODUCT_BUNDLE_IDENTIFIER = Daichi.GuessTheFlag;
				PRODUCT_NAME = "$(TARGET_NAME)";
				SWIFT_VERSION = 5.0;
				TARGETED_DEVICE_FAMILY = "1,2";
			};
			name = Debug;
		};
		42EDC8E323E5C37200C473C2 /* Release */ = {
			isa = XCBuildConfiguration;
			buildSettings = {
				ASSETCATALOG_COMPILER_APPICON_NAME = AppIcon;
				CODE_SIGN_STYLE = Automatic;
				DEVELOPMENT_ASSET_PATHS = "\"GuessTheFlag/Preview Content\"";
				ENABLE_PREVIEWS = YES;
				INFOPLIST_FILE = GuessTheFlag/Info.plist;
				LD_RUNPATH_SEARCH_PATHS = (
					"$(inherited)",
					"@executable_path/Frameworks",
				);
				PRODUCT_BUNDLE_IDENTIFIER = Daichi.GuessTheFlag;
				PRODUCT_NAME = "$(TARGET_NAME)";
				SWIFT_VERSION = 5.0;
				TARGETED_DEVICE_FAMILY = "1,2";
			};
			name = Release;
		};
		42EDC8E523E5C37200C473C2 /* Debug */ = {
			isa = XCBuildConfiguration;
			buildSettings = {
				ALWAYS_EMBED_SWIFT_STANDARD_LIBRARIES = YES;
				BUNDLE_LOADER = "$(TEST_HOST)";
				CODE_SIGN_STYLE = Automatic;
				INFOPLIST_FILE = GuessTheFlagTests/Info.plist;
				IPHONEOS_DEPLOYMENT_TARGET = 13.2;
				LD_RUNPATH_SEARCH_PATHS = (
					"$(inherited)",
					"@executable_path/Frameworks",
					"@loader_path/Frameworks",
				);
				PRODUCT_BUNDLE_IDENTIFIER = Daichi.GuessTheFlagTests;
				PRODUCT_NAME = "$(TARGET_NAME)";
				SWIFT_VERSION = 5.0;
				TARGETED_DEVICE_FAMILY = "1,2";
				TEST_HOST = "$(BUILT_PRODUCTS_DIR)/GuessTheFlag.app/GuessTheFlag";
			};
			name = Debug;
		};
		42EDC8E623E5C37200C473C2 /* Release */ = {
			isa = XCBuildConfiguration;
			buildSettings = {
				ALWAYS_EMBED_SWIFT_STANDARD_LIBRARIES = YES;
				BUNDLE_LOADER = "$(TEST_HOST)";
				CODE_SIGN_STYLE = Automatic;
				INFOPLIST_FILE = GuessTheFlagTests/Info.plist;
				IPHONEOS_DEPLOYMENT_TARGET = 13.2;
				LD_RUNPATH_SEARCH_PATHS = (
					"$(inherited)",
					"@executable_path/Frameworks",
					"@loader_path/Frameworks",
				);
				PRODUCT_BUNDLE_IDENTIFIER = Daichi.GuessTheFlagTests;
				PRODUCT_NAME = "$(TARGET_NAME)";
				SWIFT_VERSION = 5.0;
				TARGETED_DEVICE_FAMILY = "1,2";
				TEST_HOST = "$(BUILT_PRODUCTS_DIR)/GuessTheFlag.app/GuessTheFlag";
			};
			name = Release;
		};
		42EDC8E823E5C37200C473C2 /* Debug */ = {
			isa = XCBuildConfiguration;
			buildSettings = {
				ALWAYS_EMBED_SWIFT_STANDARD_LIBRARIES = YES;
				CODE_SIGN_STYLE = Automatic;
				INFOPLIST_FILE = GuessTheFlagUITests/Info.plist;
				LD_RUNPATH_SEARCH_PATHS = (
					"$(inherited)",
					"@executable_path/Frameworks",
					"@loader_path/Frameworks",
				);
				PRODUCT_BUNDLE_IDENTIFIER = Daichi.GuessTheFlagUITests;
				PRODUCT_NAME = "$(TARGET_NAME)";
				SWIFT_VERSION = 5.0;
				TARGETED_DEVICE_FAMILY = "1,2";
				TEST_TARGET_NAME = GuessTheFlag;
			};
			name = Debug;
		};
		42EDC8E923E5C37200C473C2 /* Release */ = {
			isa = XCBuildConfiguration;
			buildSettings = {
				ALWAYS_EMBED_SWIFT_STANDARD_LIBRARIES = YES;
				CODE_SIGN_STYLE = Automatic;
				INFOPLIST_FILE = GuessTheFlagUITests/Info.plist;
				LD_RUNPATH_SEARCH_PATHS = (
					"$(inherited)",
					"@executable_path/Frameworks",
					"@loader_path/Frameworks",
				);
				PRODUCT_BUNDLE_IDENTIFIER = Daichi.GuessTheFlagUITests;
				PRODUCT_NAME = "$(TARGET_NAME)";
				SWIFT_VERSION = 5.0;
				TARGETED_DEVICE_FAMILY = "1,2";
				TEST_TARGET_NAME = GuessTheFlag;
			};
			name = Release;
		};
/* End XCBuildConfiguration section */

/* Begin XCConfigurationList section */
		42EDC8B223E5C36E00C473C2 /* Build configuration list for PBXProject "GuessTheFlag" */ = {
			isa = XCConfigurationList;
			buildConfigurations = (
				42EDC8DF23E5C37200C473C2 /* Debug */,
				42EDC8E023E5C37200C473C2 /* Release */,
			);
			defaultConfigurationIsVisible = 0;
			defaultConfigurationName = Release;
		};
		42EDC8E123E5C37200C473C2 /* Build configuration list for PBXNativeTarget "GuessTheFlag" */ = {
			isa = XCConfigurationList;
			buildConfigurations = (
				42EDC8E223E5C37200C473C2 /* Debug */,
				42EDC8E323E5C37200C473C2 /* Release */,
			);
			defaultConfigurationIsVisible = 0;
			defaultConfigurationName = Release;
		};
		42EDC8E423E5C37200C473C2 /* Build configuration list for PBXNativeTarget "GuessTheFlagTests" */ = {
			isa = XCConfigurationList;
			buildConfigurations = (
				42EDC8E523E5C37200C473C2 /* Debug */,
				42EDC8E623E5C37200C473C2 /* Release */,
			);
			defaultConfigurationIsVisible = 0;
			defaultConfigurationName = Release;
		};
		42EDC8E723E5C37200C473C2 /* Build configuration list for PBXNativeTarget "GuessTheFlagUITests" */ = {
			isa = XCConfigurationList;
			buildConfigurations = (
				42EDC8E823E5C37200C473C2 /* Debug */,
				42EDC8E923E5C37200C473C2 /* Release */,
			);
			defaultConfigurationIsVisible = 0;
			defaultConfigurationName = Release;
		};
/* End XCConfigurationList section */
	};
	rootObject = 42EDC8AF23E5C36E00C473C2 /* Project object */;
}
